// !$*UTF8*$!
{
	archiveVersion = 1;
	classes = {
	};
	objectVersion = 77;
	objects = {

/* Begin PBXBuildFile section */
		460C3BDF2DA755EF00B2C470 /* NavigationManager.swift in Sources */ = {isa = PBXBuildFile; fileRef = 460C3BDE2DA755EA00B2C470 /* NavigationManager.swift */; };
		46134ABE2DA4D7930030597E /* GoogleSignIn in Frameworks */ = {isa = PBXBuildFile; productRef = 46134ABD2DA4D7930030597E /* GoogleSignIn */; };
		46134AC02DA4D7930030597E /* GoogleSignInSwift in Frameworks */ = {isa = PBXBuildFile; productRef = 46134ABF2DA4D7930030597E /* GoogleSignInSwift */; };
		46318A502DB4A99800E2A7C1 /* NoteTakingView.swift in Sources */ = {isa = PBXBuildFile; fileRef = 46318A4F2DB4A96D00E2A7C1 /* NoteTakingView.swift */; };
		463F5E2D2DB1EEFD000B3FDB /* AppState.swift in Sources */ = {isa = PBXBuildFile; fileRef = 463F5E2C2DB1EEF3000B3FDB /* AppState.swift */; };
		46450DE52DA42F6600AB7658 /* GoogleSignIn in Frameworks */ = {isa = PBXBuildFile; productRef = 46450DE42DA42F6600AB7658 /* GoogleSignIn */; };
		46450DE72DA42F6600AB7658 /* GoogleSignInSwift in Frameworks */ = {isa = PBXBuildFile; productRef = 46450DE62DA42F6600AB7658 /* GoogleSignInSwift */; };
		4653A9A52D9E040100D2BB4F /* IMG_4012.mp4 in Resources */ = {isa = PBXBuildFile; fileRef = 4653A98A2D9E040100D2BB4F /* IMG_4012.mp4 */; };
		4653A9A62D9E040100D2BB4F /* IMG_3423.jpg in Resources */ = {isa = PBXBuildFile; fileRef = 4653A9892D9E040100D2BB4F /* IMG_3423.jpg */; };
		4653A9A72D9E040100D2BB4F /* ProcedureDetailView.swift in Sources */ = {isa = PBXBuildFile; fileRef = 4653A9932D9E040100D2BB4F /* ProcedureDetailView.swift */; };
		4653A9A82D9E040100D2BB4F /* CaseModel.swift in Sources */ = {isa = PBXBuildFile; fileRef = 4653A98F2D9E040100D2BB4F /* CaseModel.swift */; };
		4653A9A92D9E040100D2BB4F /* LoopingVideoView.swift in Sources */ = {isa = PBXBuildFile; fileRef = 4653A97C2D9E040100D2BB4F /* LoopingVideoView.swift */; };
		4653A9AA2D9E040100D2BB4F /* AuthUIComp.swift in Sources */ = {isa = PBXBuildFile; fileRef = 4653A97A2D9E040100D2BB4F /* AuthUIComp.swift */; };
		4653A9AB2D9E040100D2BB4F /* AuthManager.swift in Sources */ = {isa = PBXBuildFile; fileRef = 4653A9792D9E040100D2BB4F /* AuthManager.swift */; };
		4653A9AC2D9E040100D2BB4F /* HamburgerMenu.swift in Sources */ = {isa = PBXBuildFile; fileRef = 4653A99D2D9E040100D2BB4F /* HamburgerMenu.swift */; };
		4653A9AD2D9E040100D2BB4F /* HorizontalScrollView.swift in Sources */ = {isa = PBXBuildFile; fileRef = 4653A9842D9E040100D2BB4F /* HorizontalScrollView.swift */; };
		4653A9AE2D9E040100D2BB4F /* SectionHeader.swift in Sources */ = {isa = PBXBuildFile; fileRef = 4653A9852D9E040100D2BB4F /* SectionHeader.swift */; };
		4653A9AF2D9E040100D2BB4F /* ThemeManager.swift in Sources */ = {isa = PBXBuildFile; fileRef = 4653A9872D9E040100D2BB4F /* ThemeManager.swift */; };
		4653A9B02D9E040100D2BB4F /* CaseCardView.swift in Sources */ = {isa = PBXBuildFile; fileRef = 4653A98C2D9E040100D2BB4F /* CaseCardView.swift */; };
		4653A9B12D9E040100D2BB4F /* ProceduresList.swift in Sources */ = {isa = PBXBuildFile; fileRef = 4653A9962D9E040100D2BB4F /* ProceduresList.swift */; };
		4653A9B22D9E040100D2BB4F /* FeatureCarousel.swift in Sources */ = {isa = PBXBuildFile; fileRef = 4653A97B2D9E040100D2BB4F /* FeatureCarousel.swift */; };
		4653A9B42D9E040100D2BB4F /* CasesList.swift in Sources */ = {isa = PBXBuildFile; fileRef = 4653A9902D9E040100D2BB4F /* CasesList.swift */; };
		4653A9B52D9E040100D2BB4F /* FavoritesView.swift in Sources */ = {isa = PBXBuildFile; fileRef = 4653A99C2D9E040100D2BB4F /* FavoritesView.swift */; };
		4653A9B62D9E040100D2BB4F /* AuthHelper.swift in Sources */ = {isa = PBXBuildFile; fileRef = 4653A9782D9E040100D2BB4F /* AuthHelper.swift */; };
		4653A9B82D9E040100D2BB4F /* HomeViewContent.swift in Sources */ = {isa = PBXBuildFile; fileRef = 4653A99E2D9E040100D2BB4F /* HomeViewContent.swift */; };
		4653A9B92D9E040100D2BB4F /* SignupView.swift in Sources */ = {isa = PBXBuildFile; fileRef = 4653A97F2D9E040100D2BB4F /* SignupView.swift */; };
		4653A9BA2D9E040100D2BB4F /* ProcedureInstances.swift in Sources */ = {isa = PBXBuildFile; fileRef = 4653A9942D9E040100D2BB4F /* ProcedureInstances.swift */; };
		4653A9BB2D9E040100D2BB4F /* SearchView.swift in Sources */ = {isa = PBXBuildFile; fileRef = 4653A9A32D9E040100D2BB4F /* SearchView.swift */; };
		4653A9BD2D9E040100D2BB4F /* CaseInstances.swift in Sources */ = {isa = PBXBuildFile; fileRef = 4653A98E2D9E040100D2BB4F /* CaseInstances.swift */; };
		4653A9BE2D9E040100D2BB4F /* ProcedureModel.swift in Sources */ = {isa = PBXBuildFile; fileRef = 4653A9952D9E040100D2BB4F /* ProcedureModel.swift */; };
		4653A9C02D9E040100D2BB4F /* SignInButtons.swift in Sources */ = {isa = PBXBuildFile; fileRef = 4653A97D2D9E040100D2BB4F /* SignInButtons.swift */; };
		4653A9C12D9E040100D2BB4F /* CaseDetailView.swift in Sources */ = {isa = PBXBuildFile; fileRef = 4653A98D2D9E040100D2BB4F /* CaseDetailView.swift */; };
		4653A9C22D9E040100D2BB4F /* SignInView.swift in Sources */ = {isa = PBXBuildFile; fileRef = 4653A97E2D9E040100D2BB4F /* SignInView.swift */; };
		4653A9C42D9E040100D2BB4F /* UserSettings.swift in Sources */ = {isa = PBXBuildFile; fileRef = 4653A9802D9E040100D2BB4F /* UserSettings.swift */; };
		4653A9C52D9E040100D2BB4F /* DrRajaMed.swift in Sources */ = {isa = PBXBuildFile; fileRef = 4653A9822D9E040100D2BB4F /* DrRajaMed.swift */; };
		4653A9C62D9E040100D2BB4F /* ProcedureCardView.swift in Sources */ = {isa = PBXBuildFile; fileRef = 4653A9922D9E040100D2BB4F /* ProcedureCardView.swift */; };
		4653A9C72D9E040100D2BB4F /* LoadingScreen.swift in Sources */ = {isa = PBXBuildFile; fileRef = 4653A99F2D9E040100D2BB4F /* LoadingScreen.swift */; };
		4653A9C82D9E040100D2BB4F /* NotificationsView.swift in Sources */ = {isa = PBXBuildFile; fileRef = 4653A9A12D9E040100D2BB4F /* NotificationsView.swift */; };
		4653A9CA2D9E040100D2BB4F /* HeaderView.swift in Sources */ = {isa = PBXBuildFile; fileRef = 4653A9832D9E040100D2BB4F /* HeaderView.swift */; };
		4653A9CC2D9E041200D2BB4F /* Assets.xcassets in Resources */ = {isa = PBXBuildFile; fileRef = 4653A9CB2D9E041200D2BB4F /* Assets.xcassets */; };
		4666565F2DA730A700D0F3F9 /* BottomNavBar.swift in Sources */ = {isa = PBXBuildFile; fileRef = 4666565E2DA7309F00D0F3F9 /* BottomNavBar.swift */; };
		466656612DA730E900D0F3F9 /* MainContainerView.swift in Sources */ = {isa = PBXBuildFile; fileRef = 466656602DA730E300D0F3F9 /* MainContainerView.swift */; };
		466726DD2DB28ECF00DE5A11 /* Tab.swift in Sources */ = {isa = PBXBuildFile; fileRef = 466726DC2DB28ECB00DE5A11 /* Tab.swift */; };
		466939A32DAC6BF900BDD737 /* ForgotPasswordView.swift in Sources */ = {isa = PBXBuildFile; fileRef = 466939A22DAC6BE500BDD737 /* ForgotPasswordView.swift */; };
		4692FD6B2DB5ECC200569BD0 /* AuthGateView.swift in Sources */ = {isa = PBXBuildFile; fileRef = 4692FD6A2DB5ECB900569BD0 /* AuthGateView.swift */; };
		46BAD81B2DAB0F6E00916E41 /* SignInEmailView.swift in Sources */ = {isa = PBXBuildFile; fileRef = 46BAD81A2DAB0F6400916E41 /* SignInEmailView.swift */; };
		46C3DCDB2DA62806007D7D5C /* FavoritesManager.swift in Sources */ = {isa = PBXBuildFile; fileRef = 46C3DCDA2DA627FE007D7D5C /* FavoritesManager.swift */; };
		46D8CDF12DA8E2B900E6FCC2 /* GoogleService-Info.plist in Resources */ = {isa = PBXBuildFile; fileRef = 46D8CDF02DA8E2B900E6FCC2 /* GoogleService-Info.plist */; };
		46DB70F62DB6A50500E829B0 /* LaunchScreen.storyboard in Resources */ = {isa = PBXBuildFile; fileRef = 46DB70F52DB6A50500E829B0 /* LaunchScreen.storyboard */; };
		46DB979B2D9E3DD70092D9F4 /* FirebaseAnalytics in Frameworks */ = {isa = PBXBuildFile; productRef = 46DB979A2D9E3DD70092D9F4 /* FirebaseAnalytics */; };
		46DB979D2D9E3DD70092D9F4 /* FirebaseAppDistribution-Beta in Frameworks */ = {isa = PBXBuildFile; productRef = 46DB979C2D9E3DD70092D9F4 /* FirebaseAppDistribution-Beta */; };
		46DB979F2D9E3DD70092D9F4 /* FirebaseAuth in Frameworks */ = {isa = PBXBuildFile; productRef = 46DB979E2D9E3DD70092D9F4 /* FirebaseAuth */; };
		46DB97A12D9E3DD70092D9F4 /* FirebaseCore in Frameworks */ = {isa = PBXBuildFile; productRef = 46DB97A02D9E3DD70092D9F4 /* FirebaseCore */; };
		46DB97A32D9E3DD70092D9F4 /* FirebaseCrashlytics in Frameworks */ = {isa = PBXBuildFile; productRef = 46DB97A22D9E3DD70092D9F4 /* FirebaseCrashlytics */; };
		46DB97A52D9E3DD70092D9F4 /* FirebaseDatabase in Frameworks */ = {isa = PBXBuildFile; productRef = 46DB97A42D9E3DD70092D9F4 /* FirebaseDatabase */; };
		46DB97A72D9E3DD70092D9F4 /* FirebaseFirestore in Frameworks */ = {isa = PBXBuildFile; productRef = 46DB97A62D9E3DD70092D9F4 /* FirebaseFirestore */; };
		46DB97A92D9E3DD70092D9F4 /* FirebaseMessaging in Frameworks */ = {isa = PBXBuildFile; productRef = 46DB97A82D9E3DD70092D9F4 /* FirebaseMessaging */; };
		46DB97AB2D9E3DD70092D9F4 /* FirebaseStorage in Frameworks */ = {isa = PBXBuildFile; productRef = 46DB97AA2D9E3DD70092D9F4 /* FirebaseStorage */; };
/* End PBXBuildFile section */

/* Begin PBXFileReference section */
		460C3BDE2DA755EA00B2C470 /* NavigationManager.swift */ = {isa = PBXFileReference; lastKnownFileType = sourcecode.swift; path = NavigationManager.swift; sourceTree = "<group>"; };
		46318A4F2DB4A96D00E2A7C1 /* NoteTakingView.swift */ = {isa = PBXFileReference; lastKnownFileType = sourcecode.swift; path = NoteTakingView.swift; sourceTree = "<group>"; };
		463F5E2C2DB1EEF3000B3FDB /* AppState.swift */ = {isa = PBXFileReference; lastKnownFileType = sourcecode.swift; path = AppState.swift; sourceTree = "<group>"; };
		4653A9732D9E013500D2BB4F /* DrRajaMed.app */ = {isa = PBXFileReference; explicitFileType = wrapper.application; includeInIndex = 0; path = DrRajaMed.app; sourceTree = BUILT_PRODUCTS_DIR; };
		4653A9782D9E040100D2BB4F /* AuthHelper.swift */ = {isa = PBXFileReference; lastKnownFileType = sourcecode.swift; path = AuthHelper.swift; sourceTree = "<group>"; };
		4653A9792D9E040100D2BB4F /* AuthManager.swift */ = {isa = PBXFileReference; lastKnownFileType = sourcecode.swift; path = AuthManager.swift; sourceTree = "<group>"; };
		4653A97A2D9E040100D2BB4F /* AuthUIComp.swift */ = {isa = PBXFileReference; lastKnownFileType = sourcecode.swift; path = AuthUIComp.swift; sourceTree = "<group>"; };
		4653A97B2D9E040100D2BB4F /* FeatureCarousel.swift */ = {isa = PBXFileReference; lastKnownFileType = sourcecode.swift; path = FeatureCarousel.swift; sourceTree = "<group>"; };
		4653A97C2D9E040100D2BB4F /* LoopingVideoView.swift */ = {isa = PBXFileReference; lastKnownFileType = sourcecode.swift; path = LoopingVideoView.swift; sourceTree = "<group>"; };
		4653A97D2D9E040100D2BB4F /* SignInButtons.swift */ = {isa = PBXFileReference; lastKnownFileType = sourcecode.swift; path = SignInButtons.swift; sourceTree = "<group>"; };
		4653A97E2D9E040100D2BB4F /* SignInView.swift */ = {isa = PBXFileReference; lastKnownFileType = sourcecode.swift; path = SignInView.swift; sourceTree = "<group>"; };
		4653A97F2D9E040100D2BB4F /* SignupView.swift */ = {isa = PBXFileReference; lastKnownFileType = sourcecode.swift; path = SignupView.swift; sourceTree = "<group>"; };
		4653A9802D9E040100D2BB4F /* UserSettings.swift */ = {isa = PBXFileReference; lastKnownFileType = sourcecode.swift; path = UserSettings.swift; sourceTree = "<group>"; };
		4653A9822D9E040100D2BB4F /* DrRajaMed.swift */ = {isa = PBXFileReference; lastKnownFileType = sourcecode.swift; path = DrRajaMed.swift; sourceTree = "<group>"; };
		4653A9832D9E040100D2BB4F /* HeaderView.swift */ = {isa = PBXFileReference; lastKnownFileType = sourcecode.swift; path = HeaderView.swift; sourceTree = "<group>"; };
		4653A9842D9E040100D2BB4F /* HorizontalScrollView.swift */ = {isa = PBXFileReference; lastKnownFileType = sourcecode.swift; path = HorizontalScrollView.swift; sourceTree = "<group>"; };
		4653A9852D9E040100D2BB4F /* SectionHeader.swift */ = {isa = PBXFileReference; lastKnownFileType = sourcecode.swift; path = SectionHeader.swift; sourceTree = "<group>"; };
		4653A9872D9E040100D2BB4F /* ThemeManager.swift */ = {isa = PBXFileReference; lastKnownFileType = sourcecode.swift; path = ThemeManager.swift; sourceTree = "<group>"; };
		4653A9892D9E040100D2BB4F /* IMG_3423.jpg */ = {isa = PBXFileReference; lastKnownFileType = image.jpeg; path = IMG_3423.jpg; sourceTree = "<group>"; };
		4653A98A2D9E040100D2BB4F /* IMG_4012.mp4 */ = {isa = PBXFileReference; lastKnownFileType = file; path = IMG_4012.mp4; sourceTree = "<group>"; };
		4653A98C2D9E040100D2BB4F /* CaseCardView.swift */ = {isa = PBXFileReference; lastKnownFileType = sourcecode.swift; path = CaseCardView.swift; sourceTree = "<group>"; };
		4653A98D2D9E040100D2BB4F /* CaseDetailView.swift */ = {isa = PBXFileReference; lastKnownFileType = sourcecode.swift; path = CaseDetailView.swift; sourceTree = "<group>"; };
		4653A98E2D9E040100D2BB4F /* CaseInstances.swift */ = {isa = PBXFileReference; lastKnownFileType = sourcecode.swift; path = CaseInstances.swift; sourceTree = "<group>"; };
		4653A98F2D9E040100D2BB4F /* CaseModel.swift */ = {isa = PBXFileReference; lastKnownFileType = sourcecode.swift; path = CaseModel.swift; sourceTree = "<group>"; };
		4653A9902D9E040100D2BB4F /* CasesList.swift */ = {isa = PBXFileReference; lastKnownFileType = sourcecode.swift; path = CasesList.swift; sourceTree = "<group>"; };
		4653A9922D9E040100D2BB4F /* ProcedureCardView.swift */ = {isa = PBXFileReference; lastKnownFileType = sourcecode.swift; path = ProcedureCardView.swift; sourceTree = "<group>"; };
		4653A9932D9E040100D2BB4F /* ProcedureDetailView.swift */ = {isa = PBXFileReference; lastKnownFileType = sourcecode.swift; path = ProcedureDetailView.swift; sourceTree = "<group>"; };
		4653A9942D9E040100D2BB4F /* ProcedureInstances.swift */ = {isa = PBXFileReference; lastKnownFileType = sourcecode.swift; path = ProcedureInstances.swift; sourceTree = "<group>"; };
		4653A9952D9E040100D2BB4F /* ProcedureModel.swift */ = {isa = PBXFileReference; lastKnownFileType = sourcecode.swift; path = ProcedureModel.swift; sourceTree = "<group>"; };
		4653A9962D9E040100D2BB4F /* ProceduresList.swift */ = {isa = PBXFileReference; lastKnownFileType = sourcecode.swift; path = ProceduresList.swift; sourceTree = "<group>"; };
		4653A99C2D9E040100D2BB4F /* FavoritesView.swift */ = {isa = PBXFileReference; lastKnownFileType = sourcecode.swift; path = FavoritesView.swift; sourceTree = "<group>"; };
		4653A99D2D9E040100D2BB4F /* HamburgerMenu.swift */ = {isa = PBXFileReference; lastKnownFileType = sourcecode.swift; path = HamburgerMenu.swift; sourceTree = "<group>"; };
		4653A99E2D9E040100D2BB4F /* HomeViewContent.swift */ = {isa = PBXFileReference; lastKnownFileType = sourcecode.swift; path = HomeViewContent.swift; sourceTree = "<group>"; };
		4653A99F2D9E040100D2BB4F /* LoadingScreen.swift */ = {isa = PBXFileReference; lastKnownFileType = sourcecode.swift; path = LoadingScreen.swift; sourceTree = "<group>"; };
		4653A9A12D9E040100D2BB4F /* NotificationsView.swift */ = {isa = PBXFileReference; lastKnownFileType = sourcecode.swift; path = NotificationsView.swift; sourceTree = "<group>"; };
		4653A9A32D9E040100D2BB4F /* SearchView.swift */ = {isa = PBXFileReference; lastKnownFileType = sourcecode.swift; path = SearchView.swift; sourceTree = "<group>"; };
		4653A9CB2D9E041200D2BB4F /* Assets.xcassets */ = {isa = PBXFileReference; lastKnownFileType = folder.assetcatalog; path = Assets.xcassets; sourceTree = "<group>"; };
		465B43942DA5E211003400B3 /* DrRajaMed.entitlements */ = {isa = PBXFileReference; lastKnownFileType = text.plist.entitlements; path = DrRajaMed.entitlements; sourceTree = "<group>"; };
		4666565E2DA7309F00D0F3F9 /* BottomNavBar.swift */ = {isa = PBXFileReference; lastKnownFileType = sourcecode.swift; path = BottomNavBar.swift; sourceTree = "<group>"; };
		466656602DA730E300D0F3F9 /* MainContainerView.swift */ = {isa = PBXFileReference; lastKnownFileType = sourcecode.swift; path = MainContainerView.swift; sourceTree = "<group>"; };
		466726DC2DB28ECB00DE5A11 /* Tab.swift */ = {isa = PBXFileReference; lastKnownFileType = sourcecode.swift; path = Tab.swift; sourceTree = "<group>"; };
		466939A22DAC6BE500BDD737 /* ForgotPasswordView.swift */ = {isa = PBXFileReference; lastKnownFileType = sourcecode.swift; path = ForgotPasswordView.swift; sourceTree = "<group>"; };
		4692FD6A2DB5ECB900569BD0 /* AuthGateView.swift */ = {isa = PBXFileReference; lastKnownFileType = sourcecode.swift; path = AuthGateView.swift; sourceTree = "<group>"; };
		46BAD81A2DAB0F6400916E41 /* SignInEmailView.swift */ = {isa = PBXFileReference; lastKnownFileType = sourcecode.swift; path = SignInEmailView.swift; sourceTree = "<group>"; };
		46C3DCDA2DA627FE007D7D5C /* FavoritesManager.swift */ = {isa = PBXFileReference; lastKnownFileType = sourcecode.swift; path = FavoritesManager.swift; sourceTree = "<group>"; };
		46D8CDF02DA8E2B900E6FCC2 /* GoogleService-Info.plist */ = {isa = PBXFileReference; lastKnownFileType = text.plist.xml; path = "GoogleService-Info.plist"; sourceTree = "<group>"; };
		46D8CDF22DA8E2C100E6FCC2 /* DrRajaMed-Info.plist */ = {isa = PBXFileReference; lastKnownFileType = text.plist.xml; path = "DrRajaMed-Info.plist"; sourceTree = "<group>"; };
		46DB70F52DB6A50500E829B0 /* LaunchScreen.storyboard */ = {isa = PBXFileReference; lastKnownFileType = file.storyboard; path = LaunchScreen.storyboard; sourceTree = "<group>"; };
/* End PBXFileReference section */

/* Begin PBXFileSystemSynchronizedRootGroup section */
		4699CF052DB6D29E004227BF /* Profile */ = {
			isa = PBXFileSystemSynchronizedRootGroup;
			path = Profile;
			sourceTree = "<group>";
		};
/* End PBXFileSystemSynchronizedRootGroup section */

/* Begin PBXFrameworksBuildPhase section */
		46A5F0062D2D7F9500030CD7 /* Frameworks */ = {
			isa = PBXFrameworksBuildPhase;
			buildActionMask = 2147483647;
			files = (
				46DB97A92D9E3DD70092D9F4 /* FirebaseMessaging in Frameworks */,
				46DB97A52D9E3DD70092D9F4 /* FirebaseDatabase in Frameworks */,
				46DB97AB2D9E3DD70092D9F4 /* FirebaseStorage in Frameworks */,
				46DB979B2D9E3DD70092D9F4 /* FirebaseAnalytics in Frameworks */,
				46DB979F2D9E3DD70092D9F4 /* FirebaseAuth in Frameworks */,
				46134AC02DA4D7930030597E /* GoogleSignInSwift in Frameworks */,
				46134ABE2DA4D7930030597E /* GoogleSignIn in Frameworks */,
				46450DE72DA42F6600AB7658 /* GoogleSignInSwift in Frameworks */,
				46450DE52DA42F6600AB7658 /* GoogleSignIn in Frameworks */,
				46DB97A32D9E3DD70092D9F4 /* FirebaseCrashlytics in Frameworks */,
				46DB97A12D9E3DD70092D9F4 /* FirebaseCore in Frameworks */,
				46DB979D2D9E3DD70092D9F4 /* FirebaseAppDistribution-Beta in Frameworks */,
				46DB97A72D9E3DD70092D9F4 /* FirebaseFirestore in Frameworks */,
			);
			runOnlyForDeploymentPostprocessing = 0;
		};
/* End PBXFrameworksBuildPhase section */

/* Begin PBXGroup section */
		4653A9812D9E040100D2BB4F /* Authentication */ = {
			isa = PBXGroup;
			children = (
				4692FD6A2DB5ECB900569BD0 /* AuthGateView.swift */,
				466939A22DAC6BE500BDD737 /* ForgotPasswordView.swift */,
				46BAD81A2DAB0F6400916E41 /* SignInEmailView.swift */,
				4653A9782D9E040100D2BB4F /* AuthHelper.swift */,
				4653A9792D9E040100D2BB4F /* AuthManager.swift */,
				4653A97A2D9E040100D2BB4F /* AuthUIComp.swift */,
				4653A97B2D9E040100D2BB4F /* FeatureCarousel.swift */,
				4653A97C2D9E040100D2BB4F /* LoopingVideoView.swift */,
				4653A97D2D9E040100D2BB4F /* SignInButtons.swift */,
				4653A97E2D9E040100D2BB4F /* SignInView.swift */,
				4653A97F2D9E040100D2BB4F /* SignupView.swift */,
				4653A9802D9E040100D2BB4F /* UserSettings.swift */,
			);
			path = Authentication;
			sourceTree = "<group>";
		};
		4653A9882D9E040100D2BB4F /* Components */ = {
			isa = PBXGroup;
			children = (
				466726DC2DB28ECB00DE5A11 /* Tab.swift */,
				463F5E2C2DB1EEF3000B3FDB /* AppState.swift */,
				460C3BDE2DA755EA00B2C470 /* NavigationManager.swift */,
				46C3DCDA2DA627FE007D7D5C /* FavoritesManager.swift */,
				4653A9822D9E040100D2BB4F /* DrRajaMed.swift */,
				4653A9832D9E040100D2BB4F /* HeaderView.swift */,
				4653A9842D9E040100D2BB4F /* HorizontalScrollView.swift */,
				4653A9852D9E040100D2BB4F /* SectionHeader.swift */,
				4653A9872D9E040100D2BB4F /* ThemeManager.swift */,
				46318A4F2DB4A96D00E2A7C1 /* NoteTakingView.swift */,
			);
			path = Components;
			sourceTree = "<group>";
		};
		4653A98B2D9E040100D2BB4F /* Media */ = {
			isa = PBXGroup;
			children = (
				4653A9892D9E040100D2BB4F /* IMG_3423.jpg */,
				4653A98A2D9E040100D2BB4F /* IMG_4012.mp4 */,
			);
			path = Media;
			sourceTree = "<group>";
		};
		4653A9912D9E040100D2BB4F /* Cases */ = {
			isa = PBXGroup;
			children = (
				4653A98C2D9E040100D2BB4F /* CaseCardView.swift */,
				4653A98D2D9E040100D2BB4F /* CaseDetailView.swift */,
				4653A98E2D9E040100D2BB4F /* CaseInstances.swift */,
				4653A98F2D9E040100D2BB4F /* CaseModel.swift */,
				4653A9902D9E040100D2BB4F /* CasesList.swift */,
			);
			path = Cases;
			sourceTree = "<group>";
		};
		4653A9972D9E040100D2BB4F /* Procedures */ = {
			isa = PBXGroup;
			children = (
				4653A9922D9E040100D2BB4F /* ProcedureCardView.swift */,
				4653A9932D9E040100D2BB4F /* ProcedureDetailView.swift */,
				4653A9942D9E040100D2BB4F /* ProcedureInstances.swift */,
				4653A9952D9E040100D2BB4F /* ProcedureModel.swift */,
				4653A9962D9E040100D2BB4F /* ProceduresList.swift */,
			);
			path = Procedures;
			sourceTree = "<group>";
		};
		4653A9982D9E040100D2BB4F /* Models */ = {
			isa = PBXGroup;
			children = (
				4653A9912D9E040100D2BB4F /* Cases */,
				4653A9972D9E040100D2BB4F /* Procedures */,
			);
			path = Models;
			sourceTree = "<group>";
		};
		4653A9A42D9E040100D2BB4F /* Navigation&Layout */ = {
			isa = PBXGroup;
			children = (
				466656602DA730E300D0F3F9 /* MainContainerView.swift */,
				4666565E2DA7309F00D0F3F9 /* BottomNavBar.swift */,
				4653A99C2D9E040100D2BB4F /* FavoritesView.swift */,
				4653A99D2D9E040100D2BB4F /* HamburgerMenu.swift */,
				4653A99E2D9E040100D2BB4F /* HomeViewContent.swift */,
				4653A99F2D9E040100D2BB4F /* LoadingScreen.swift */,
				4653A9A12D9E040100D2BB4F /* NotificationsView.swift */,
				4699CF052DB6D29E004227BF /* Profile */,
				4653A9A32D9E040100D2BB4F /* SearchView.swift */,
			);
			path = "Navigation&Layout";
			sourceTree = "<group>";
		};
		46A5F0002D2D7F9500030CD7 = {
			isa = PBXGroup;
			children = (
				46DB70F52DB6A50500E829B0 /* LaunchScreen.storyboard */,
				46D8CDF02DA8E2B900E6FCC2 /* GoogleService-Info.plist */,
				46D8CDF22DA8E2C100E6FCC2 /* DrRajaMed-Info.plist */,
				465B43942DA5E211003400B3 /* DrRajaMed.entitlements */,
				4653A9CB2D9E041200D2BB4F /* Assets.xcassets */,
				4653A9812D9E040100D2BB4F /* Authentication */,
				4653A9882D9E040100D2BB4F /* Components */,
				4653A98B2D9E040100D2BB4F /* Media */,
				4653A9982D9E040100D2BB4F /* Models */,
				4653A9A42D9E040100D2BB4F /* Navigation&Layout */,
				4653A9732D9E013500D2BB4F /* DrRajaMed.app */,
			);
			sourceTree = "<group>";
		};
/* End PBXGroup section */

/* Begin PBXNativeTarget section */
		46A5F0082D2D7F9500030CD7 /* DrRajaMed */ = {
			isa = PBXNativeTarget;
			buildConfigurationList = 46A5F0172D2D7F9500030CD7 /* Build configuration list for PBXNativeTarget "DrRajaMed" */;
			buildPhases = (
				46A5F0052D2D7F9500030CD7 /* Sources */,
				46A5F0062D2D7F9500030CD7 /* Frameworks */,
				46A5F0072D2D7F9500030CD7 /* Resources */,
			);
			buildRules = (
			);
			dependencies = (
			);
			fileSystemSynchronizedGroups = (
				4699CF052DB6D29E004227BF /* Profile */,
			);
			name = DrRajaMed;
			productName = "DrRaja Prototype #3";
			productReference = 4653A9732D9E013500D2BB4F /* DrRajaMed.app */;
			productType = "com.apple.product-type.application";
		};
/* End PBXNativeTarget section */

/* Begin PBXProject section */
		46A5F0012D2D7F9500030CD7 /* Project object */ = {
			isa = PBXProject;
			attributes = {
				BuildIndependentTargetsInParallel = 1;
				LastSwiftUpdateCheck = 1620;
				LastUpgradeCheck = 1630;
				TargetAttributes = {
					46A5F0082D2D7F9500030CD7 = {
						CreatedOnToolsVersion = 16.2;
					};
				};
			};
			buildConfigurationList = 46A5F0042D2D7F9500030CD7 /* Build configuration list for PBXProject "DrRajaMed" */;
			developmentRegion = en;
			hasScannedForEncodings = 0;
			knownRegions = (
				en,
				Base,
			);
			mainGroup = 46A5F0002D2D7F9500030CD7;
			minimizedProjectReferenceProxies = 1;
			packageReferences = (
				46DB97992D9E3DD70092D9F4 /* XCRemoteSwiftPackageReference "firebase-ios-sdk" */,
				46DB97AC2D9E3E2D0092D9F4 /* XCRemoteSwiftPackageReference "GoogleSignIn-iOS" */,
			);
			preferredProjectObjectVersion = 77;
			productRefGroup = 46A5F0002D2D7F9500030CD7;
			projectDirPath = "";
			projectRoot = "";
			targets = (
				46A5F0082D2D7F9500030CD7 /* DrRajaMed */,
			);
		};
/* End PBXProject section */

/* Begin PBXResourcesBuildPhase section */
		46A5F0072D2D7F9500030CD7 /* Resources */ = {
			isa = PBXResourcesBuildPhase;
			buildActionMask = 2147483647;
			files = (
				4653A9A52D9E040100D2BB4F /* IMG_4012.mp4 in Resources */,
				46D8CDF12DA8E2B900E6FCC2 /* GoogleService-Info.plist in Resources */,
				4653A9A62D9E040100D2BB4F /* IMG_3423.jpg in Resources */,
				46DB70F62DB6A50500E829B0 /* LaunchScreen.storyboard in Resources */,
				4653A9CC2D9E041200D2BB4F /* Assets.xcassets in Resources */,
			);
			runOnlyForDeploymentPostprocessing = 0;
		};
/* End PBXResourcesBuildPhase section */

/* Begin PBXSourcesBuildPhase section */
		46A5F0052D2D7F9500030CD7 /* Sources */ = {
			isa = PBXSourcesBuildPhase;
			buildActionMask = 2147483647;
			files = (
				4653A9A72D9E040100D2BB4F /* ProcedureDetailView.swift in Sources */,
				4653A9A82D9E040100D2BB4F /* CaseModel.swift in Sources */,
				4653A9A92D9E040100D2BB4F /* LoopingVideoView.swift in Sources */,
				4653A9AA2D9E040100D2BB4F /* AuthUIComp.swift in Sources */,
				4666565F2DA730A700D0F3F9 /* BottomNavBar.swift in Sources */,
				4653A9AB2D9E040100D2BB4F /* AuthManager.swift in Sources */,
				46C3DCDB2DA62806007D7D5C /* FavoritesManager.swift in Sources */,
				46BAD81B2DAB0F6E00916E41 /* SignInEmailView.swift in Sources */,
				4653A9AC2D9E040100D2BB4F /* HamburgerMenu.swift in Sources */,
				4653A9AD2D9E040100D2BB4F /* HorizontalScrollView.swift in Sources */,
				4653A9AE2D9E040100D2BB4F /* SectionHeader.swift in Sources */,
				4653A9AF2D9E040100D2BB4F /* ThemeManager.swift in Sources */,
				4653A9B02D9E040100D2BB4F /* CaseCardView.swift in Sources */,
				4653A9B12D9E040100D2BB4F /* ProceduresList.swift in Sources */,
				4653A9B22D9E040100D2BB4F /* FeatureCarousel.swift in Sources */,
				4653A9B42D9E040100D2BB4F /* CasesList.swift in Sources */,
				4692FD6B2DB5ECC200569BD0 /* AuthGateView.swift in Sources */,
				4653A9B52D9E040100D2BB4F /* FavoritesView.swift in Sources */,
				4653A9B62D9E040100D2BB4F /* AuthHelper.swift in Sources */,
				4653A9B82D9E040100D2BB4F /* HomeViewContent.swift in Sources */,
				4653A9B92D9E040100D2BB4F /* SignupView.swift in Sources */,
				4653A9BA2D9E040100D2BB4F /* ProcedureInstances.swift in Sources */,
				463F5E2D2DB1EEFD000B3FDB /* AppState.swift in Sources */,
				4653A9BB2D9E040100D2BB4F /* SearchView.swift in Sources */,
				4653A9BD2D9E040100D2BB4F /* CaseInstances.swift in Sources */,
				4653A9BE2D9E040100D2BB4F /* ProcedureModel.swift in Sources */,
				466939A32DAC6BF900BDD737 /* ForgotPasswordView.swift in Sources */,
				4653A9C02D9E040100D2BB4F /* SignInButtons.swift in Sources */,
				4653A9C12D9E040100D2BB4F /* CaseDetailView.swift in Sources */,
				4653A9C22D9E040100D2BB4F /* SignInView.swift in Sources */,
				4653A9C42D9E040100D2BB4F /* UserSettings.swift in Sources */,
				4653A9C52D9E040100D2BB4F /* DrRajaMed.swift in Sources */,
				4653A9C62D9E040100D2BB4F /* ProcedureCardView.swift in Sources */,
				466726DD2DB28ECF00DE5A11 /* Tab.swift in Sources */,
				4653A9C72D9E040100D2BB4F /* LoadingScreen.swift in Sources */,
				466656612DA730E900D0F3F9 /* MainContainerView.swift in Sources */,
				4653A9C82D9E040100D2BB4F /* NotificationsView.swift in Sources */,
				460C3BDF2DA755EF00B2C470 /* NavigationManager.swift in Sources */,
				46318A502DB4A99800E2A7C1 /* NoteTakingView.swift in Sources */,
				4653A9CA2D9E040100D2BB4F /* HeaderView.swift in Sources */,
			);
			runOnlyForDeploymentPostprocessing = 0;
		};
/* End PBXSourcesBuildPhase section */

/* Begin XCBuildConfiguration section */
		46A5F0152D2D7F9500030CD7 /* Debug */ = {
			isa = XCBuildConfiguration;
			buildSettings = {
				ALWAYS_SEARCH_USER_PATHS = NO;
				ASSETCATALOG_COMPILER_GENERATE_SWIFT_ASSET_SYMBOL_EXTENSIONS = YES;
				CLANG_ANALYZER_NONNULL = YES;
				CLANG_ANALYZER_NUMBER_OBJECT_CONVERSION = YES_AGGRESSIVE;
				CLANG_CXX_LANGUAGE_STANDARD = "gnu++20";
				CLANG_ENABLE_MODULES = YES;
				CLANG_ENABLE_OBJC_ARC = YES;
				CLANG_ENABLE_OBJC_WEAK = YES;
				CLANG_WARN_BLOCK_CAPTURE_AUTORELEASING = YES;
				CLANG_WARN_BOOL_CONVERSION = YES;
				CLANG_WARN_COMMA = YES;
				CLANG_WARN_CONSTANT_CONVERSION = YES;
				CLANG_WARN_DEPRECATED_OBJC_IMPLEMENTATIONS = YES;
				CLANG_WARN_DIRECT_OBJC_ISA_USAGE = YES_ERROR;
				CLANG_WARN_DOCUMENTATION_COMMENTS = YES;
				CLANG_WARN_EMPTY_BODY = YES;
				CLANG_WARN_ENUM_CONVERSION = YES;
				CLANG_WARN_INFINITE_RECURSION = YES;
				CLANG_WARN_INT_CONVERSION = YES;
				CLANG_WARN_NON_LITERAL_NULL_CONVERSION = YES;
				CLANG_WARN_OBJC_IMPLICIT_RETAIN_SELF = YES;
				CLANG_WARN_OBJC_LITERAL_CONVERSION = YES;
				CLANG_WARN_OBJC_ROOT_CLASS = YES_ERROR;
				CLANG_WARN_QUOTED_INCLUDE_IN_FRAMEWORK_HEADER = YES;
				CLANG_WARN_RANGE_LOOP_ANALYSIS = YES;
				CLANG_WARN_STRICT_PROTOTYPES = YES;
				CLANG_WARN_SUSPICIOUS_MOVE = YES;
				CLANG_WARN_UNGUARDED_AVAILABILITY = YES_AGGRESSIVE;
				CLANG_WARN_UNREACHABLE_CODE = YES;
				CLANG_WARN__DUPLICATE_METHOD_MATCH = YES;
				COPY_PHASE_STRIP = NO;
				DEBUG_INFORMATION_FORMAT = dwarf;
				DEVELOPMENT_TEAM = 7UTC5P9FBZ;
				ENABLE_STRICT_OBJC_MSGSEND = YES;
				ENABLE_TESTABILITY = YES;
				ENABLE_USER_SCRIPT_SANDBOXING = YES;
				GCC_C_LANGUAGE_STANDARD = gnu17;
				GCC_DYNAMIC_NO_PIC = NO;
				GCC_NO_COMMON_BLOCKS = YES;
				GCC_OPTIMIZATION_LEVEL = 0;
				GCC_PREPROCESSOR_DEFINITIONS = (
					"DEBUG=1",
					"$(inherited)",
				);
				GCC_WARN_64_TO_32_BIT_CONVERSION = YES;
				GCC_WARN_ABOUT_RETURN_TYPE = YES_ERROR;
				GCC_WARN_UNDECLARED_SELECTOR = YES;
				GCC_WARN_UNINITIALIZED_AUTOS = YES_AGGRESSIVE;
				GCC_WARN_UNUSED_FUNCTION = YES;
				GCC_WARN_UNUSED_VARIABLE = YES;
				INFOPLIST_FILE = DrRajaInfo.plist;
				IPHONEOS_DEPLOYMENT_TARGET = 18.2;
				LOCALIZATION_PREFERS_STRING_CATALOGS = YES;
				MTL_ENABLE_DEBUG_INFO = INCLUDE_SOURCE;
				MTL_FAST_MATH = YES;
				ONLY_ACTIVE_ARCH = YES;
				PRODUCT_BUNDLE_IDENTIFIER = "com.drrajademo.DrRaja-Prototype--3";
				SDKROOT = iphoneos;
				SWIFT_ACTIVE_COMPILATION_CONDITIONS = "DEBUG $(inherited)";
				SWIFT_OPTIMIZATION_LEVEL = "-Onone";
			};
			name = Debug;
		};
		46A5F0162D2D7F9500030CD7 /* Release */ = {
			isa = XCBuildConfiguration;
			buildSettings = {
				ALWAYS_SEARCH_USER_PATHS = NO;
				ASSETCATALOG_COMPILER_GENERATE_SWIFT_ASSET_SYMBOL_EXTENSIONS = YES;
				CLANG_ANALYZER_NONNULL = YES;
				CLANG_ANALYZER_NUMBER_OBJECT_CONVERSION = YES_AGGRESSIVE;
				CLANG_CXX_LANGUAGE_STANDARD = "gnu++20";
				CLANG_ENABLE_MODULES = YES;
				CLANG_ENABLE_OBJC_ARC = YES;
				CLANG_ENABLE_OBJC_WEAK = YES;
				CLANG_WARN_BLOCK_CAPTURE_AUTORELEASING = YES;
				CLANG_WARN_BOOL_CONVERSION = YES;
				CLANG_WARN_COMMA = YES;
				CLANG_WARN_CONSTANT_CONVERSION = YES;
				CLANG_WARN_DEPRECATED_OBJC_IMPLEMENTATIONS = YES;
				CLANG_WARN_DIRECT_OBJC_ISA_USAGE = YES_ERROR;
				CLANG_WARN_DOCUMENTATION_COMMENTS = YES;
				CLANG_WARN_EMPTY_BODY = YES;
				CLANG_WARN_ENUM_CONVERSION = YES;
				CLANG_WARN_INFINITE_RECURSION = YES;
				CLANG_WARN_INT_CONVERSION = YES;
				CLANG_WARN_NON_LITERAL_NULL_CONVERSION = YES;
				CLANG_WARN_OBJC_IMPLICIT_RETAIN_SELF = YES;
				CLANG_WARN_OBJC_LITERAL_CONVERSION = YES;
				CLANG_WARN_OBJC_ROOT_CLASS = YES_ERROR;
				CLANG_WARN_QUOTED_INCLUDE_IN_FRAMEWORK_HEADER = YES;
				CLANG_WARN_RANGE_LOOP_ANALYSIS = YES;
				CLANG_WARN_STRICT_PROTOTYPES = YES;
				CLANG_WARN_SUSPICIOUS_MOVE = YES;
				CLANG_WARN_UNGUARDED_AVAILABILITY = YES_AGGRESSIVE;
				CLANG_WARN_UNREACHABLE_CODE = YES;
				CLANG_WARN__DUPLICATE_METHOD_MATCH = YES;
				COPY_PHASE_STRIP = NO;
				DEBUG_INFORMATION_FORMAT = "dwarf-with-dsym";
				DEVELOPMENT_TEAM = 7UTC5P9FBZ;
				ENABLE_NS_ASSERTIONS = NO;
				ENABLE_STRICT_OBJC_MSGSEND = YES;
				ENABLE_USER_SCRIPT_SANDBOXING = YES;
				GCC_C_LANGUAGE_STANDARD = gnu17;
				GCC_NO_COMMON_BLOCKS = YES;
				GCC_WARN_64_TO_32_BIT_CONVERSION = YES;
				GCC_WARN_ABOUT_RETURN_TYPE = YES_ERROR;
				GCC_WARN_UNDECLARED_SELECTOR = YES;
				GCC_WARN_UNINITIALIZED_AUTOS = YES_AGGRESSIVE;
				GCC_WARN_UNUSED_FUNCTION = YES;
				GCC_WARN_UNUSED_VARIABLE = YES;
				INFOPLIST_FILE = DrRajaInfo.plist;
				IPHONEOS_DEPLOYMENT_TARGET = 18.2;
				LOCALIZATION_PREFERS_STRING_CATALOGS = YES;
				MTL_ENABLE_DEBUG_INFO = NO;
				MTL_FAST_MATH = YES;
				PRODUCT_BUNDLE_IDENTIFIER = "com.drrajademo.DrRaja-Prototype--3";
				SDKROOT = iphoneos;
				SWIFT_COMPILATION_MODE = wholemodule;
				VALIDATE_PRODUCT = YES;
			};
			name = Release;
		};
		46A5F0182D2D7F9500030CD7 /* Debug */ = {
			isa = XCBuildConfiguration;
			buildSettings = {
				ASSETCATALOG_COMPILER_APPICON_NAME = AppIcon;
				ASSETCATALOG_COMPILER_GLOBAL_ACCENT_COLOR_NAME = AccentColor;
				CODE_SIGN_ENTITLEMENTS = DrRajaMed.entitlements;
				CODE_SIGN_STYLE = Automatic;
				CURRENT_PROJECT_VERSION = 3;
				DEBUG_INFORMATION_FORMAT = "dwarf-with-dsym";
				DEVELOPMENT_ASSET_PATHS = "";
				ENABLE_PREVIEWS = YES;
				FRAMEWORK_SEARCH_PATHS = "$(inherited)";
				GENERATE_INFOPLIST_FILE = NO;
				INFOPLIST_FILE = "DrRajaMed-Info.plist";
				INFOPLIST_KEY_UIApplicationSceneManifest_Generation = YES;
				INFOPLIST_KEY_UIApplicationSupportsIndirectInputEvents = YES;
				INFOPLIST_KEY_UILaunchScreen_Generation = YES;
				INFOPLIST_KEY_UISupportedInterfaceOrientations_iPad = "UIInterfaceOrientationPortrait UIInterfaceOrientationPortraitUpsideDown UIInterfaceOrientationLandscapeLeft UIInterfaceOrientationLandscapeRight";
				INFOPLIST_KEY_UISupportedInterfaceOrientations_iPhone = "UIInterfaceOrientationPortrait UIInterfaceOrientationLandscapeLeft UIInterfaceOrientationLandscapeRight";
				INFOPLIST_KEY_UIUserInterfaceStyle = Automatic;
				LD_RUNPATH_SEARCH_PATHS = (
					"$(inherited)",
					"@executable_path/Frameworks",
				);
				MARKETING_VERSION = 1.0;
				PRODUCT_BUNDLE_IDENTIFIER = com.drrajademo.DrRajaMed;
				PRODUCT_NAME = "$(TARGET_NAME)";
				SWIFT_EMIT_LOC_STRINGS = YES;
				SWIFT_VERSION = 5.0;
				TARGETED_DEVICE_FAMILY = "1,2";
			};
			name = Debug;
		};
		46A5F0192D2D7F9500030CD7 /* Release */ = {
			isa = XCBuildConfiguration;
			buildSettings = {
				ASSETCATALOG_COMPILER_APPICON_NAME = AppIcon;
				ASSETCATALOG_COMPILER_GLOBAL_ACCENT_COLOR_NAME = AccentColor;
				CODE_SIGN_ENTITLEMENTS = DrRajaMed.entitlements;
				CODE_SIGN_STYLE = Automatic;
				CURRENT_PROJECT_VERSION = 3;
				DEVELOPMENT_ASSET_PATHS = "";
				ENABLE_PREVIEWS = YES;
				FRAMEWORK_SEARCH_PATHS = "$(inherited)";
				GENERATE_INFOPLIST_FILE = NO;
				INFOPLIST_FILE = "DrRajaMed-Info.plist";
				INFOPLIST_KEY_UIApplicationSceneManifest_Generation = YES;
				INFOPLIST_KEY_UIApplicationSupportsIndirectInputEvents = YES;
				INFOPLIST_KEY_UILaunchScreen_Generation = YES;
				INFOPLIST_KEY_UISupportedInterfaceOrientations_iPad = "UIInterfaceOrientationPortrait UIInterfaceOrientationPortraitUpsideDown UIInterfaceOrientationLandscapeLeft UIInterfaceOrientationLandscapeRight";
				INFOPLIST_KEY_UISupportedInterfaceOrientations_iPhone = "UIInterfaceOrientationPortrait UIInterfaceOrientationLandscapeLeft UIInterfaceOrientationLandscapeRight";
				INFOPLIST_KEY_UIUserInterfaceStyle = Automatic;
				LD_RUNPATH_SEARCH_PATHS = (
					"$(inherited)",
					"@executable_path/Frameworks",
				);
				MARKETING_VERSION = 1.0;
				PRODUCT_BUNDLE_IDENTIFIER = com.drrajademo.DrRajaMed;
				PRODUCT_NAME = "$(TARGET_NAME)";
				SWIFT_EMIT_LOC_STRINGS = YES;
				SWIFT_VERSION = 5.0;
				TARGETED_DEVICE_FAMILY = "1,2";
			};
			name = Release;
		};
/* End XCBuildConfiguration section */

/* Begin XCConfigurationList section */
		46A5F0042D2D7F9500030CD7 /* Build configuration list for PBXProject "DrRajaMed" */ = {
			isa = XCConfigurationList;
			buildConfigurations = (
				46A5F0152D2D7F9500030CD7 /* Debug */,
				46A5F0162D2D7F9500030CD7 /* Release */,
			);
			defaultConfigurationIsVisible = 0;
			defaultConfigurationName = Release;
		};
		46A5F0172D2D7F9500030CD7 /* Build configuration list for PBXNativeTarget "DrRajaMed" */ = {
			isa = XCConfigurationList;
			buildConfigurations = (
				46A5F0182D2D7F9500030CD7 /* Debug */,
				46A5F0192D2D7F9500030CD7 /* Release */,
			);
			defaultConfigurationIsVisible = 0;
			defaultConfigurationName = Release;
		};
/* End XCConfigurationList section */

/* Begin XCRemoteSwiftPackageReference section */
		46DB97992D9E3DD70092D9F4 /* XCRemoteSwiftPackageReference "firebase-ios-sdk" */ = {
			isa = XCRemoteSwiftPackageReference;
			repositoryURL = "https://github.com/firebase/firebase-ios-sdk.git";
			requirement = {
				kind = upToNextMajorVersion;
				minimumVersion = 11.11.0;
			};
		};
		46DB97AC2D9E3E2D0092D9F4 /* XCRemoteSwiftPackageReference "GoogleSignIn-iOS" */ = {
			isa = XCRemoteSwiftPackageReference;
			repositoryURL = "https://github.com/google/GoogleSignIn-iOS";
			requirement = {
				kind = upToNextMajorVersion;
				minimumVersion = 8.0.0;
			};
		};
/* End XCRemoteSwiftPackageReference section */

/* Begin XCSwiftPackageProductDependency section */
		46134ABD2DA4D7930030597E /* GoogleSignIn */ = {
			isa = XCSwiftPackageProductDependency;
			package = 46DB97AC2D9E3E2D0092D9F4 /* XCRemoteSwiftPackageReference "GoogleSignIn-iOS" */;
			productName = GoogleSignIn;
		};
		46134ABF2DA4D7930030597E /* GoogleSignInSwift */ = {
			isa = XCSwiftPackageProductDependency;
			package = 46DB97AC2D9E3E2D0092D9F4 /* XCRemoteSwiftPackageReference "GoogleSignIn-iOS" */;
			productName = GoogleSignInSwift;
		};
		46450DE42DA42F6600AB7658 /* GoogleSignIn */ = {
			isa = XCSwiftPackageProductDependency;
			package = 46DB97AC2D9E3E2D0092D9F4 /* XCRemoteSwiftPackageReference "GoogleSignIn-iOS" */;
			productName = GoogleSignIn;
		};
		46450DE62DA42F6600AB7658 /* GoogleSignInSwift */ = {
			isa = XCSwiftPackageProductDependency;
			package = 46DB97AC2D9E3E2D0092D9F4 /* XCRemoteSwiftPackageReference "GoogleSignIn-iOS" */;
			productName = GoogleSignInSwift;
		};
		46DB979A2D9E3DD70092D9F4 /* FirebaseAnalytics */ = {
			isa = XCSwiftPackageProductDependency;
			package = 46DB97992D9E3DD70092D9F4 /* XCRemoteSwiftPackageReference "firebase-ios-sdk" */;
			productName = FirebaseAnalytics;
		};
		46DB979C2D9E3DD70092D9F4 /* FirebaseAppDistribution-Beta */ = {
			isa = XCSwiftPackageProductDependency;
			package = 46DB97992D9E3DD70092D9F4 /* XCRemoteSwiftPackageReference "firebase-ios-sdk" */;
			productName = "FirebaseAppDistribution-Beta";
		};
		46DB979E2D9E3DD70092D9F4 /* FirebaseAuth */ = {
			isa = XCSwiftPackageProductDependency;
			package = 46DB97992D9E3DD70092D9F4 /* XCRemoteSwiftPackageReference "firebase-ios-sdk" */;
			productName = FirebaseAuth;
		};
		46DB97A02D9E3DD70092D9F4 /* FirebaseCore */ = {
			isa = XCSwiftPackageProductDependency;
			package = 46DB97992D9E3DD70092D9F4 /* XCRemoteSwiftPackageReference "firebase-ios-sdk" */;
			productName = FirebaseCore;
		};
		46DB97A22D9E3DD70092D9F4 /* FirebaseCrashlytics */ = {
			isa = XCSwiftPackageProductDependency;
			package = 46DB97992D9E3DD70092D9F4 /* XCRemoteSwiftPackageReference "firebase-ios-sdk" */;
			productName = FirebaseCrashlytics;
		};
		46DB97A42D9E3DD70092D9F4 /* FirebaseDatabase */ = {
			isa = XCSwiftPackageProductDependency;
			package = 46DB97992D9E3DD70092D9F4 /* XCRemoteSwiftPackageReference "firebase-ios-sdk" */;
			productName = FirebaseDatabase;
		};
		46DB97A62D9E3DD70092D9F4 /* FirebaseFirestore */ = {
			isa = XCSwiftPackageProductDependency;
			package = 46DB97992D9E3DD70092D9F4 /* XCRemoteSwiftPackageReference "firebase-ios-sdk" */;
			productName = FirebaseFirestore;
		};
		46DB97A82D9E3DD70092D9F4 /* FirebaseMessaging */ = {
			isa = XCSwiftPackageProductDependency;
			package = 46DB97992D9E3DD70092D9F4 /* XCRemoteSwiftPackageReference "firebase-ios-sdk" */;
			productName = FirebaseMessaging;
		};
		46DB97AA2D9E3DD70092D9F4 /* FirebaseStorage */ = {
			isa = XCSwiftPackageProductDependency;
			package = 46DB97992D9E3DD70092D9F4 /* XCRemoteSwiftPackageReference "firebase-ios-sdk" */;
			productName = FirebaseStorage;
		};
/* End XCSwiftPackageProductDependency section */
	};
	rootObject = 46A5F0012D2D7F9500030CD7 /* Project object */;
}
